
Microsoft Visual Studio Solution File, Format Version 12.00
# Visual Studio Version 17
VisualStudioVersion = 17.11.35303.130
MinimumVisualStudioVersion = 10.0.40219.1
Project("{FAE04EC0-301F-11D3-BF4B-00C04F79EFBC}") = "CapaDatos", "CapaDatos\CapaDatos.csproj", "{13F6AEAD-3148-4347-BAD2-3614A41178D6}"
EndProject
Project("{FAE04EC0-301F-11D3-BF4B-00C04F79EFBC}") = "CapaEntidades", "CapaEntidades\CapaEntidades.csproj", "{6F49C775-F27F-4298-BDA7-8507ED9048D1}"
EndProject
Project("{FAE04EC0-301F-11D3-BF4B-00C04F79EFBC}") = "CapaNegocio", "CapaNegocio\CapaNegocio.csproj", "{AC5083A9-3FC0-40AD-A245-9C52D7DE312E}"
EndProject
Project("{FAE04EC0-301F-11D3-BF4B-00C04F79EFBC}") = "CapaPresentacion", "CapaPresentacion\CapaPresentacion.csproj", "{82300456-DF77-46EA-94C6-5CE35DBADB56}"
EndProject
Global
	GlobalSection(SolutionConfigurationPlatforms) = preSolution
		Debug|Any CPU = Debug|Any CPU
		Release|Any CPU = Release|Any CPU
	EndGlobalSection
	GlobalSection(ProjectConfigurationPlatforms) = postSolution
		{13F6AEAD-3148-4347-BAD2-3614A41178D6}.Debug|Any CPU.ActiveCfg = Debug|Any CPU
		{13F6AEAD-3148-4347-BAD2-3614A41178D6}.Debug|Any CPU.Build.0 = Debug|Any CPU
		{13F6AEAD-3148-4347-BAD2-3614A41178D6}.Release|Any CPU.ActiveCfg = Release|Any CPU
		{13F6AEAD-3148-4347-BAD2-3614A41178D6}.Release|Any CPU.Build.0 = Release|Any CPU
		{6F49C775-F27F-4298-BDA7-8507ED9048D1}.Debug|Any CPU.ActiveCfg = Debug|Any CPU
		{6F49C775-F27F-4298-BDA7-8507ED9048D1}.Debug|Any CPU.Build.0 = Debug|Any CPU
		{6F49C775-F27F-4298-BDA7-8507ED9048D1}.Release|Any CPU.ActiveCfg = Release|Any CPU
		{6F49C775-F27F-4298-BDA7-8507ED9048D1}.Release|Any CPU.Build.0 = Release|Any CPU
		{AC5083A9-3FC0-40AD-A245-9C52D7DE312E}.Debug|Any CPU.ActiveCfg = Debug|Any CPU
		{AC5083A9-3FC0-40AD-A245-9C52D7DE312E}.Debug|Any CPU.Build.0 = Debug|Any CPU
		{AC5083A9-3FC0-40AD-A245-9C52D7DE312E}.Release|Any CPU.ActiveCfg = Release|Any CPU
		{AC5083A9-3FC0-40AD-A245-9C52D7DE312E}.Release|Any CPU.Build.0 = Release|Any CPU
		{82300456-DF77-46EA-94C6-5CE35DBADB56}.Debug|Any CPU.ActiveCfg = Debug|Any CPU
		{82300456-DF77-46EA-94C6-5CE35DBADB56}.Debug|Any CPU.Build.0 = Debug|Any CPU
		{82300456-DF77-46EA-94C6-5CE35DBADB56}.Release|Any CPU.ActiveCfg = Release|Any CPU
		{82300456-DF77-46EA-94C6-5CE35DBADB56}.Release|Any CPU.Build.0 = Release|Any CPU
	EndGlobalSection
	GlobalSection(SolutionProperties) = preSolution
		HideSolutionNode = FALSE
	EndGlobalSection
	GlobalSection(ExtensibilityGlobals) = postSolution
		SolutionGuid = {8A27D46C-8E51-40E4-9477-AB4A784327FA}
	EndGlobalSection
EndGlobal
